// !$*UTF8*$!
{
	archiveVersion = 1;
	classes = {
	};
	objectVersion = 50;
	objects = {

/* Begin PBXBuildFile section */
		425AC3A8210B99A400740348 /* NotificationsHelper.swift in Sources */ = {isa = PBXBuildFile; fileRef = 425AC3A7210B99A400740348 /* NotificationsHelper.swift */; };
		425AC3AA210BB84A00740348 /* Reflections.storyboard in Resources */ = {isa = PBXBuildFile; fileRef = 425AC3A9210BB84A00740348 /* Reflections.storyboard */; };
		425AC3AE210FB98E00740348 /* GoalTabBarViewController.swift in Sources */ = {isa = PBXBuildFile; fileRef = 425AC3AD210FB98E00740348 /* GoalTabBarViewController.swift */; };
		428165832106564F00ADCC9D /* AppDelegate.swift in Sources */ = {isa = PBXBuildFile; fileRef = 428165822106564F00ADCC9D /* AppDelegate.swift */; };
		428165882106564F00ADCC9D /* Main.storyboard in Resources */ = {isa = PBXBuildFile; fileRef = 428165862106564F00ADCC9D /* Main.storyboard */; };
		4281658A2106565D00ADCC9D /* Assets.xcassets in Resources */ = {isa = PBXBuildFile; fileRef = 428165892106565D00ADCC9D /* Assets.xcassets */; };
		4281658D2106565D00ADCC9D /* LaunchScreen.storyboard in Resources */ = {isa = PBXBuildFile; fileRef = 4281658B2106565D00ADCC9D /* LaunchScreen.storyboard */; };
		4281659E2106754600ADCC9D /* GoalTableViewController.swift in Sources */ = {isa = PBXBuildFile; fileRef = 4281659D2106754600ADCC9D /* GoalTableViewController.swift */; };
		428165A02106759300ADCC9D /* GoalTableViewCell.swift in Sources */ = {isa = PBXBuildFile; fileRef = 4281659F2106759300ADCC9D /* GoalTableViewCell.swift */; };
		428165A22106793C00ADCC9D /* DetailedGoalViewController.swift in Sources */ = {isa = PBXBuildFile; fileRef = 428165A12106793C00ADCC9D /* DetailedGoalViewController.swift */; };
		428165A52106813100ADCC9D /* KnowY.xcdatamodeld in Sources */ = {isa = PBXBuildFile; fileRef = 428165A32106813100ADCC9D /* KnowY.xcdatamodeld */; };
		428165A72106834300ADCC9D /* CoreDataHelper.swift in Sources */ = {isa = PBXBuildFile; fileRef = 428165A62106834300ADCC9D /* CoreDataHelper.swift */; };
		428165A921078A2100ADCC9D /* EditGoalViewController.swift in Sources */ = {isa = PBXBuildFile; fileRef = 428165A821078A2000ADCC9D /* EditGoalViewController.swift */; };
		428165AB21078A8A00ADCC9D /* NewTimerViewController.swift in Sources */ = {isa = PBXBuildFile; fileRef = 428165AA21078A8A00ADCC9D /* NewTimerViewController.swift */; };
		428165AD21078AB100ADCC9D /* CountdownViewController.swift in Sources */ = {isa = PBXBuildFile; fileRef = 428165AC21078AB100ADCC9D /* CountdownViewController.swift */; };
		428165AF21078AC700ADCC9D /* ReflectionTableViewController.swift in Sources */ = {isa = PBXBuildFile; fileRef = 428165AE21078AC700ADCC9D /* ReflectionTableViewController.swift */; };
		428165B121078AF000ADCC9D /* DetailedReflectionViewController.swift in Sources */ = {isa = PBXBuildFile; fileRef = 428165B021078AF000ADCC9D /* DetailedReflectionViewController.swift */; };
		428165B321078B0100ADCC9D /* EditReflectionViewController.swift in Sources */ = {isa = PBXBuildFile; fileRef = 428165B221078B0100ADCC9D /* EditReflectionViewController.swift */; };
		428165B521078B2400ADCC9D /* ReflectionTableViewCell.swift in Sources */ = {isa = PBXBuildFile; fileRef = 428165B421078B2400ADCC9D /* ReflectionTableViewCell.swift */; };
		428165B921078CF700ADCC9D /* ConfirmationViewController.swift in Sources */ = {isa = PBXBuildFile; fileRef = 428165B821078CF700ADCC9D /* ConfirmationViewController.swift */; };
		428165BB2107CA3B00ADCC9D /* Timer.storyboard in Resources */ = {isa = PBXBuildFile; fileRef = 428165BA2107CA3B00ADCC9D /* Timer.storyboard */; };
/* End PBXBuildFile section */

/* Begin PBXFileReference section */
		425AC3A7210B99A400740348 /* NotificationsHelper.swift */ = {isa = PBXFileReference; lastKnownFileType = sourcecode.swift; path = NotificationsHelper.swift; sourceTree = "<group>"; };
		425AC3A9210BB84A00740348 /* Reflections.storyboard */ = {isa = PBXFileReference; lastKnownFileType = file.storyboard; path = Reflections.storyboard; sourceTree = "<group>"; };
		425AC3AD210FB98E00740348 /* GoalTabBarViewController.swift */ = {isa = PBXFileReference; lastKnownFileType = sourcecode.swift; path = GoalTabBarViewController.swift; sourceTree = "<group>"; };
		4281657F2106564F00ADCC9D /* KnowY.app */ = {isa = PBXFileReference; explicitFileType = wrapper.application; includeInIndex = 0; path = KnowY.app; sourceTree = BUILT_PRODUCTS_DIR; };
		428165822106564F00ADCC9D /* AppDelegate.swift */ = {isa = PBXFileReference; lastKnownFileType = sourcecode.swift; path = AppDelegate.swift; sourceTree = "<group>"; };
		428165872106564F00ADCC9D /* Base */ = {isa = PBXFileReference; lastKnownFileType = file.storyboard; name = Base; path = Base.lproj/Main.storyboard; sourceTree = "<group>"; };
		428165892106565D00ADCC9D /* Assets.xcassets */ = {isa = PBXFileReference; lastKnownFileType = folder.assetcatalog; path = Assets.xcassets; sourceTree = "<group>"; };
		4281658C2106565D00ADCC9D /* Base */ = {isa = PBXFileReference; lastKnownFileType = file.storyboard; name = Base; path = Base.lproj/LaunchScreen.storyboard; sourceTree = "<group>"; };
		4281658E2106565D00ADCC9D /* Info.plist */ = {isa = PBXFileReference; lastKnownFileType = text.plist.xml; path = Info.plist; sourceTree = "<group>"; };
		4281659D2106754600ADCC9D /* GoalTableViewController.swift */ = {isa = PBXFileReference; lastKnownFileType = sourcecode.swift; path = GoalTableViewController.swift; sourceTree = "<group>"; };
		4281659F2106759300ADCC9D /* GoalTableViewCell.swift */ = {isa = PBXFileReference; lastKnownFileType = sourcecode.swift; path = GoalTableViewCell.swift; sourceTree = "<group>"; };
		428165A12106793C00ADCC9D /* DetailedGoalViewController.swift */ = {isa = PBXFileReference; lastKnownFileType = sourcecode.swift; path = DetailedGoalViewController.swift; sourceTree = "<group>"; };
		428165A42106813100ADCC9D /* KnowY.xcdatamodel */ = {isa = PBXFileReference; lastKnownFileType = wrapper.xcdatamodel; path = KnowY.xcdatamodel; sourceTree = "<group>"; };
		428165A62106834300ADCC9D /* CoreDataHelper.swift */ = {isa = PBXFileReference; lastKnownFileType = sourcecode.swift; path = CoreDataHelper.swift; sourceTree = "<group>"; };
		428165A821078A2000ADCC9D /* EditGoalViewController.swift */ = {isa = PBXFileReference; lastKnownFileType = sourcecode.swift; path = EditGoalViewController.swift; sourceTree = "<group>"; };
		428165AA21078A8A00ADCC9D /* NewTimerViewController.swift */ = {isa = PBXFileReference; lastKnownFileType = sourcecode.swift; path = NewTimerViewController.swift; sourceTree = "<group>"; };
		428165AC21078AB100ADCC9D /* CountdownViewController.swift */ = {isa = PBXFileReference; lastKnownFileType = sourcecode.swift; path = CountdownViewController.swift; sourceTree = "<group>"; };
		428165AE21078AC700ADCC9D /* ReflectionTableViewController.swift */ = {isa = PBXFileReference; lastKnownFileType = sourcecode.swift; path = ReflectionTableViewController.swift; sourceTree = "<group>"; };
		428165B021078AF000ADCC9D /* DetailedReflectionViewController.swift */ = {isa = PBXFileReference; lastKnownFileType = sourcecode.swift; path = DetailedReflectionViewController.swift; sourceTree = "<group>"; };
		428165B221078B0100ADCC9D /* EditReflectionViewController.swift */ = {isa = PBXFileReference; lastKnownFileType = sourcecode.swift; path = EditReflectionViewController.swift; sourceTree = "<group>"; };
		428165B421078B2400ADCC9D /* ReflectionTableViewCell.swift */ = {isa = PBXFileReference; lastKnownFileType = sourcecode.swift; path = ReflectionTableViewCell.swift; sourceTree = "<group>"; };
		428165B821078CF700ADCC9D /* ConfirmationViewController.swift */ = {isa = PBXFileReference; lastKnownFileType = sourcecode.swift; path = ConfirmationViewController.swift; sourceTree = "<group>"; };
		428165BA2107CA3B00ADCC9D /* Timer.storyboard */ = {isa = PBXFileReference; lastKnownFileType = file.storyboard; path = Timer.storyboard; sourceTree = "<group>"; };
/* End PBXFileReference section */

/* Begin PBXFrameworksBuildPhase section */
		4281657C2106564F00ADCC9D /* Frameworks */ = {
			isa = PBXFrameworksBuildPhase;
			buildActionMask = 2147483647;
			files = (
			);
			runOnlyForDeploymentPostprocessing = 0;
		};
/* End PBXFrameworksBuildPhase section */

/* Begin PBXGroup section */
		428165762106564E00ADCC9D = {
			isa = PBXGroup;
			children = (
				428165812106564F00ADCC9D /* KnowY */,
				428165802106564F00ADCC9D /* Products */,
			);
			sourceTree = "<group>";
		};
		428165802106564F00ADCC9D /* Products */ = {
			isa = PBXGroup;
			children = (
				4281657F2106564F00ADCC9D /* KnowY.app */,
			);
			name = Products;
			sourceTree = "<group>";
		};
		428165812106564F00ADCC9D /* KnowY */ = {
			isa = PBXGroup;
			children = (
				4281659B2106713400ADCC9D /* Storyboards */,
				428165942106708800ADCC9D /* Models */,
				42816598210670BF00ADCC9D /* Views */,
				42816599210670C800ADCC9D /* Controllers */,
				42816596210670A800ADCC9D /* Helpers */,
				42816597210670B800ADCC9D /* Services */,
				4281659C2106714000ADCC9D /* Supporting */,
				4281659A210670D800ADCC9D /* Extensions */,
				428165822106564F00ADCC9D /* AppDelegate.swift */,
				428165A32106813100ADCC9D /* KnowY.xcdatamodeld */,
				428165892106565D00ADCC9D /* Assets.xcassets */,
				4281658B2106565D00ADCC9D /* LaunchScreen.storyboard */,
				4281658E2106565D00ADCC9D /* Info.plist */,
			);
			path = KnowY;
			sourceTree = "<group>";
		};
		428165942106708800ADCC9D /* Models */ = {
			isa = PBXGroup;
			children = (
			);
			path = Models;
			sourceTree = "<group>";
		};
		42816596210670A800ADCC9D /* Helpers */ = {
			isa = PBXGroup;
			children = (
				428165A62106834300ADCC9D /* CoreDataHelper.swift */,
				425AC3A7210B99A400740348 /* NotificationsHelper.swift */,
			);
			path = Helpers;
			sourceTree = "<group>";
		};
		42816597210670B800ADCC9D /* Services */ = {
			isa = PBXGroup;
			children = (
			);
			path = Services;
			sourceTree = "<group>";
		};
		42816598210670BF00ADCC9D /* Views */ = {
			isa = PBXGroup;
			children = (
				4281659F2106759300ADCC9D /* GoalTableViewCell.swift */,
				428165B421078B2400ADCC9D /* ReflectionTableViewCell.swift */,
			);
			path = Views;
			sourceTree = "<group>";
		};
		42816599210670C800ADCC9D /* Controllers */ = {
			isa = PBXGroup;
			children = (
				4281659D2106754600ADCC9D /* GoalTableViewController.swift */,
				428165A12106793C00ADCC9D /* DetailedGoalViewController.swift */,
				428165A821078A2000ADCC9D /* EditGoalViewController.swift */,
				428165AA21078A8A00ADCC9D /* NewTimerViewController.swift */,
				428165AC21078AB100ADCC9D /* CountdownViewController.swift */,
				428165AE21078AC700ADCC9D /* ReflectionTableViewController.swift */,
				428165B021078AF000ADCC9D /* DetailedReflectionViewController.swift */,
				428165B221078B0100ADCC9D /* EditReflectionViewController.swift */,
				428165B821078CF700ADCC9D /* ConfirmationViewController.swift */,
				425AC3AD210FB98E00740348 /* GoalTabBarViewController.swift */,
			);
			path = Controllers;
			sourceTree = "<group>";
		};
		4281659A210670D800ADCC9D /* Extensions */ = {
			isa = PBXGroup;
			children = (
			);
			path = Extensions;
			sourceTree = "<group>";
		};
		4281659B2106713400ADCC9D /* Storyboards */ = {
			isa = PBXGroup;
			children = (
				428165862106564F00ADCC9D /* Main.storyboard */,
				428165BA2107CA3B00ADCC9D /* Timer.storyboard */,
				425AC3A9210BB84A00740348 /* Reflections.storyboard */,
			);
			path = Storyboards;
			sourceTree = "<group>";
		};
		4281659C2106714000ADCC9D /* Supporting */ = {
			isa = PBXGroup;
			children = (
			);
			path = Supporting;
			sourceTree = "<group>";
		};
/* End PBXGroup section */

/* Begin PBXNativeTarget section */
		4281657E2106564F00ADCC9D /* KnowY */ = {
			isa = PBXNativeTarget;
			buildConfigurationList = 428165912106565D00ADCC9D /* Build configuration list for PBXNativeTarget "KnowY" */;
			buildPhases = (
				4281657B2106564F00ADCC9D /* Sources */,
				4281657C2106564F00ADCC9D /* Frameworks */,
				4281657D2106564F00ADCC9D /* Resources */,
			);
			buildRules = (
			);
			dependencies = (
			);
			name = KnowY;
			productName = KnowY;
			productReference = 4281657F2106564F00ADCC9D /* KnowY.app */;
			productType = "com.apple.product-type.application";
		};
/* End PBXNativeTarget section */

/* Begin PBXProject section */
		428165772106564E00ADCC9D /* Project object */ = {
			isa = PBXProject;
			attributes = {
				LastSwiftUpdateCheck = 0940;
				LastUpgradeCheck = 0940;
				ORGANIZATIONNAME = joshuazhu;
				TargetAttributes = {
					4281657E2106564F00ADCC9D = {
						CreatedOnToolsVersion = 9.4.1;
					};
				};
			};
			buildConfigurationList = 4281657A2106564E00ADCC9D /* Build configuration list for PBXProject "KnowY" */;
			compatibilityVersion = "Xcode 9.3";
			developmentRegion = en;
			hasScannedForEncodings = 0;
			knownRegions = (
				en,
				Base,
			);
			mainGroup = 428165762106564E00ADCC9D;
			productRefGroup = 428165802106564F00ADCC9D /* Products */;
			projectDirPath = "";
			projectRoot = "";
			targets = (
				4281657E2106564F00ADCC9D /* KnowY */,
			);
		};
/* End PBXProject section */

/* Begin PBXResourcesBuildPhase section */
		4281657D2106564F00ADCC9D /* Resources */ = {
			isa = PBXResourcesBuildPhase;
			buildActionMask = 2147483647;
			files = (
				428165BB2107CA3B00ADCC9D /* Timer.storyboard in Resources */,
				4281658D2106565D00ADCC9D /* LaunchScreen.storyboard in Resources */,
				4281658A2106565D00ADCC9D /* Assets.xcassets in Resources */,
				428165882106564F00ADCC9D /* Main.storyboard in Resources */,
				425AC3AA210BB84A00740348 /* Reflections.storyboard in Resources */,
			);
			runOnlyForDeploymentPostprocessing = 0;
		};
/* End PBXResourcesBuildPhase section */

/* Begin PBXSourcesBuildPhase section */
		4281657B2106564F00ADCC9D /* Sources */ = {
			isa = PBXSourcesBuildPhase;
			buildActionMask = 2147483647;
			files = (
				428165B921078CF700ADCC9D /* ConfirmationViewController.swift in Sources */,
				428165A72106834300ADCC9D /* CoreDataHelper.swift in Sources */,
				428165B321078B0100ADCC9D /* EditReflectionViewController.swift in Sources */,
				428165AB21078A8A00ADCC9D /* NewTimerViewController.swift in Sources */,
				428165B121078AF000ADCC9D /* DetailedReflectionViewController.swift in Sources */,
				4281659E2106754600ADCC9D /* GoalTableViewController.swift in Sources */,
				428165AD21078AB100ADCC9D /* CountdownViewController.swift in Sources */,
				425AC3AE210FB98E00740348 /* GoalTabBarViewController.swift in Sources */,
				428165A52106813100ADCC9D /* KnowY.xcdatamodeld in Sources */,
				428165A02106759300ADCC9D /* GoalTableViewCell.swift in Sources */,
				428165A22106793C00ADCC9D /* DetailedGoalViewController.swift in Sources */,
				428165A921078A2100ADCC9D /* EditGoalViewController.swift in Sources */,
				425AC3A8210B99A400740348 /* NotificationsHelper.swift in Sources */,
				428165AF21078AC700ADCC9D /* ReflectionTableViewController.swift in Sources */,
				428165B521078B2400ADCC9D /* ReflectionTableViewCell.swift in Sources */,
				428165832106564F00ADCC9D /* AppDelegate.swift in Sources */,
			);
			runOnlyForDeploymentPostprocessing = 0;
		};
/* End PBXSourcesBuildPhase section */

/* Begin PBXVariantGroup section */
		428165862106564F00ADCC9D /* Main.storyboard */ = {
			isa = PBXVariantGroup;
			children = (
				428165872106564F00ADCC9D /* Base */,
			);
			name = Main.storyboard;
			sourceTree = "<group>";
		};
		4281658B2106565D00ADCC9D /* LaunchScreen.storyboard */ = {
			isa = PBXVariantGroup;
			children = (
				4281658C2106565D00ADCC9D /* Base */,
			);
			name = LaunchScreen.storyboard;
			sourceTree = "<group>";
		};
/* End PBXVariantGroup section */

/* Begin XCBuildConfiguration section */
		4281658F2106565D00ADCC9D /* Debug */ = {
			isa = XCBuildConfiguration;
			buildSettings = {
				ALWAYS_SEARCH_USER_PATHS = NO;
				CLANG_ANALYZER_NONNULL = YES;
				CLANG_ANALYZER_NUMBER_OBJECT_CONVERSION = YES_AGGRESSIVE;
				CLANG_CXX_LANGUAGE_STANDARD = "gnu++14";
				CLANG_CXX_LIBRARY = "libc++";
				CLANG_ENABLE_MODULES = YES;
				CLANG_ENABLE_OBJC_ARC = YES;
				CLANG_ENABLE_OBJC_WEAK = YES;
				CLANG_WARN_BLOCK_CAPTURE_AUTORELEASING = YES;
				CLANG_WARN_BOOL_CONVERSION = YES;
				CLANG_WARN_COMMA = YES;
				CLANG_WARN_CONSTANT_CONVERSION = YES;
				CLANG_WARN_DEPRECATED_OBJC_IMPLEMENTATIONS = YES;
				CLANG_WARN_DIRECT_OBJC_ISA_USAGE = YES_ERROR;
				CLANG_WARN_DOCUMENTATION_COMMENTS = YES;
				CLANG_WARN_EMPTY_BODY = YES;
				CLANG_WARN_ENUM_CONVERSION = YES;
				CLANG_WARN_INFINITE_RECURSION = YES;
				CLANG_WARN_INT_CONVERSION = YES;
				CLANG_WARN_NON_LITERAL_NULL_CONVERSION = YES;
				CLANG_WARN_OBJC_IMPLICIT_RETAIN_SELF = YES;
				CLANG_WARN_OBJC_LITERAL_CONVERSION = YES;
				CLANG_WARN_OBJC_ROOT_CLASS = YES_ERROR;
				CLANG_WARN_RANGE_LOOP_ANALYSIS = YES;
				CLANG_WARN_STRICT_PROTOTYPES = YES;
				CLANG_WARN_SUSPICIOUS_MOVE = YES;
				CLANG_WARN_UNGUARDED_AVAILABILITY = YES_AGGRESSIVE;
				CLANG_WARN_UNREACHABLE_CODE = YES;
				CLANG_WARN__DUPLICATE_METHOD_MATCH = YES;
				CODE_SIGN_IDENTITY = "iPhone Developer";
				COPY_PHASE_STRIP = NO;
				DEBUG_INFORMATION_FORMAT = dwarf;
				ENABLE_STRICT_OBJC_MSGSEND = YES;
				ENABLE_TESTABILITY = YES;
				GCC_C_LANGUAGE_STANDARD = gnu11;
				GCC_DYNAMIC_NO_PIC = NO;
				GCC_NO_COMMON_BLOCKS = YES;
				GCC_OPTIMIZATION_LEVEL = 0;
				GCC_PREPROCESSOR_DEFINITIONS = (
					"DEBUG=1",
					"$(inherited)",
				);
				GCC_WARN_64_TO_32_BIT_CONVERSION = YES;
				GCC_WARN_ABOUT_RETURN_TYPE = YES_ERROR;
				GCC_WARN_UNDECLARED_SELECTOR = YES;
				GCC_WARN_UNINITIALIZED_AUTOS = YES_AGGRESSIVE;
				GCC_WARN_UNUSED_FUNCTION = YES;
				GCC_WARN_UNUSED_VARIABLE = YES;
				IPHONEOS_DEPLOYMENT_TARGET = 11.4;
				MTL_ENABLE_DEBUG_INFO = YES;
				ONLY_ACTIVE_ARCH = YES;
				SDKROOT = iphoneos;
				SWIFT_ACTIVE_COMPILATION_CONDITIONS = DEBUG;
				SWIFT_OPTIMIZATION_LEVEL = "-Onone";
			};
			name = Debug;
		};
		428165902106565D00ADCC9D /* Release */ = {
			isa = XCBuildConfiguration;
			buildSettings = {
				ALWAYS_SEARCH_USER_PATHS = NO;
				CLANG_ANALYZER_NONNULL = YES;
				CLANG_ANALYZER_NUMBER_OBJECT_CONVERSION = YES_AGGRESSIVE;
				CLANG_CXX_LANGUAGE_STANDARD = "gnu++14";
				CLANG_CXX_LIBRARY = "libc++";
				CLANG_ENABLE_MODULES = YES;
				CLANG_ENABLE_OBJC_ARC = YES;
				CLANG_ENABLE_OBJC_WEAK = YES;
				CLANG_WARN_BLOCK_CAPTURE_AUTORELEASING = YES;
				CLANG_WARN_BOOL_CONVERSION = YES;
				CLANG_WARN_COMMA = YES;
				CLANG_WARN_CONSTANT_CONVERSION = YES;
				CLANG_WARN_DEPRECATED_OBJC_IMPLEMENTATIONS = YES;
				CLANG_WARN_DIRECT_OBJC_ISA_USAGE = YES_ERROR;
				CLANG_WARN_DOCUMENTATION_COMMENTS = YES;
				CLANG_WARN_EMPTY_BODY = YES;
				CLANG_WARN_ENUM_CONVERSION = YES;
				CLANG_WARN_INFINITE_RECURSION = YES;
				CLANG_WARN_INT_CONVERSION = YES;
				CLANG_WARN_NON_LITERAL_NULL_CONVERSION = YES;
				CLANG_WARN_OBJC_IMPLICIT_RETAIN_SELF = YES;
				CLANG_WARN_OBJC_LITERAL_CONVERSION = YES;
				CLANG_WARN_OBJC_ROOT_CLASS = YES_ERROR;
				CLANG_WARN_RANGE_LOOP_ANALYSIS = YES;
				CLANG_WARN_STRICT_PROTOTYPES = YES;
				CLANG_WARN_SUSPICIOUS_MOVE = YES;
				CLANG_WARN_UNGUARDED_AVAILABILITY = YES_AGGRESSIVE;
				CLANG_WARN_UNREACHABLE_CODE = YES;
				CLANG_WARN__DUPLICATE_METHOD_MATCH = YES;
				CODE_SIGN_IDENTITY = "iPhone Developer";
				COPY_PHASE_STRIP = NO;
				DEBUG_INFORMATION_FORMAT = "dwarf-with-dsym";
				ENABLE_NS_ASSERTIONS = NO;
				ENABLE_STRICT_OBJC_MSGSEND = YES;
				GCC_C_LANGUAGE_STANDARD = gnu11;
				GCC_NO_COMMON_BLOCKS = YES;
				GCC_WARN_64_TO_32_BIT_CONVERSION = YES;
				GCC_WARN_ABOUT_RETURN_TYPE = YES_ERROR;
				GCC_WARN_UNDECLARED_SELECTOR = YES;
				GCC_WARN_UNINITIALIZED_AUTOS = YES_AGGRESSIVE;
				GCC_WARN_UNUSED_FUNCTION = YES;
				GCC_WARN_UNUSED_VARIABLE = YES;
				IPHONEOS_DEPLOYMENT_TARGET = 11.4;
				MTL_ENABLE_DEBUG_INFO = NO;
				SDKROOT = iphoneos;
				SWIFT_COMPILATION_MODE = wholemodule;
				SWIFT_OPTIMIZATION_LEVEL = "-O";
				VALIDATE_PRODUCT = YES;
			};
			name = Release;
		};
		428165922106565D00ADCC9D /* Debug */ = {
			isa = XCBuildConfiguration;
			buildSettings = {
				ASSETCATALOG_COMPILER_APPICON_NAME = AppIcon;
				CODE_SIGN_STYLE = Automatic;
				DEVELOPMENT_TEAM = T56S9WBY9X;
				INFOPLIST_FILE = KnowY/Info.plist;
				LD_RUNPATH_SEARCH_PATHS = (
					"$(inherited)",
					"@executable_path/Frameworks",
				);
				PRODUCT_BUNDLE_IDENTIFIER = com.joshuazhu.KnowY;
				PRODUCT_NAME = "$(TARGET_NAME)";
				SWIFT_VERSION = 4.0;
				TARGETED_DEVICE_FAMILY = "1,2";
			};
			name = Debug;
		};
		428165932106565D00ADCC9D /* Release */ = {
			isa = XCBuildConfiguration;
			buildSettings = {
				ASSETCATALOG_COMPILER_APPICON_NAME = AppIcon;
				CODE_SIGN_STYLE = Automatic;
				DEVELOPMENT_TEAM = T56S9WBY9X;
				INFOPLIST_FILE = KnowY/Info.plist;
				LD_RUNPATH_SEARCH_PATHS = (
					"$(inherited)",
					"@executable_path/Frameworks",
				);
				PRODUCT_BUNDLE_IDENTIFIER = com.joshuazhu.KnowY;
				PRODUCT_NAME = "$(TARGET_NAME)";
				SWIFT_VERSION = 4.0;
				TARGETED_DEVICE_FAMILY = "1,2";
			};
			name = Release;
		};
/* End XCBuildConfiguration section */

/* Begin XCConfigurationList section */
		4281657A2106564E00ADCC9D /* Build configuration list for PBXProject "KnowY" */ = {
			isa = XCConfigurationList;
			buildConfigurations = (
				4281658F2106565D00ADCC9D /* Debug */,
				428165902106565D00ADCC9D /* Release */,
			);
			defaultConfigurationIsVisible = 0;
			defaultConfigurationName = Release;
		};
		428165912106565D00ADCC9D /* Build configuration list for PBXNativeTarget "KnowY" */ = {
			isa = XCConfigurationList;
			buildConfigurations = (
				428165922106565D00ADCC9D /* Debug */,
				428165932106565D00ADCC9D /* Release */,
			);
			defaultConfigurationIsVisible = 0;
			defaultConfigurationName = Release;
		};
/* End XCConfigurationList section */

/* Begin XCVersionGroup section */
		428165A32106813100ADCC9D /* KnowY.xcdatamodeld */ = {
			isa = XCVersionGroup;
			children = (
				428165A42106813100ADCC9D /* KnowY.xcdatamodel */,
			);
			currentVersion = 428165A42106813100ADCC9D /* KnowY.xcdatamodel */;
			path = KnowY.xcdatamodeld;
			sourceTree = "<group>";
			versionGroupType = wrapper.xcdatamodel;
		};
/* End XCVersionGroup section */
	};
	rootObject = 428165772106564E00ADCC9D /* Project object */;
}
